// !$*UTF8*$!
{
	archiveVersion = 1;
	classes = {
	};
	objectVersion = 50;
	objects = {

/* Begin PBXBuildFile section */
		5753ACCB239E9BBF008EC29C /* AppDelegate.swift in Sources */ = {isa = PBXBuildFile; fileRef = 5753ACCA239E9BBF008EC29C /* AppDelegate.swift */; };
		5753ACCD239E9BC0008EC29C /* ViewController.swift in Sources */ = {isa = PBXBuildFile; fileRef = 5753ACCC239E9BC0008EC29C /* ViewController.swift */; };
		5753ACD0239E9BC0008EC29C /* Main.storyboard in Resources */ = {isa = PBXBuildFile; fileRef = 5753ACCE239E9BC0008EC29C /* Main.storyboard */; };
		5753ACD2239E9BCF008EC29C /* Assets.xcassets in Resources */ = {isa = PBXBuildFile; fileRef = 5753ACD1239E9BCF008EC29C /* Assets.xcassets */; };
		5753ACD5239E9BD0008EC29C /* LaunchScreen.storyboard in Resources */ = {isa = PBXBuildFile; fileRef = 5753ACD3239E9BD0008EC29C /* LaunchScreen.storyboard */; };
		5753ACDD239E9C5A008EC29C /* SignUpViewController.swift in Sources */ = {isa = PBXBuildFile; fileRef = 5753ACDC239E9C5A008EC29C /* SignUpViewController.swift */; };
		5753ACDF239E9C74008EC29C /* LoginViewController.swift in Sources */ = {isa = PBXBuildFile; fileRef = 5753ACDE239E9C74008EC29C /* LoginViewController.swift */; };
		5753ACE1239E9C8C008EC29C /* HomeViewController.swift in Sources */ = {isa = PBXBuildFile; fileRef = 5753ACE0239E9C8C008EC29C /* HomeViewController.swift */; };
		57C15215239EB5910019993F /* Constants.swift in Sources */ = {isa = PBXBuildFile; fileRef = 57C15213239EB5910019993F /* Constants.swift */; };
		57C15216239EB5910019993F /* Utilities.swift in Sources */ = {isa = PBXBuildFile; fileRef = 57C15214239EB5910019993F /* Utilities.swift */; };
/* End PBXBuildFile section */

/* Begin PBXFileReference section */
		5753ACC7239E9BBF008EC29C /* LoginFirebase.app */ = {isa = PBXFileReference; explicitFileType = wrapper.application; includeInIndex = 0; path = LoginFirebase.app; sourceTree = BUILT_PRODUCTS_DIR; };
		5753ACCA239E9BBF008EC29C /* AppDelegate.swift */ = {isa = PBXFileReference; lastKnownFileType = sourcecode.swift; path = AppDelegate.swift; sourceTree = "<group>"; };
		5753ACCC239E9BC0008EC29C /* ViewController.swift */ = {isa = PBXFileReference; lastKnownFileType = sourcecode.swift; path = ViewController.swift; sourceTree = "<group>"; };
		5753ACCF239E9BC0008EC29C /* Base */ = {isa = PBXFileReference; lastKnownFileType = file.storyboard; name = Base; path = Base.lproj/Main.storyboard; sourceTree = "<group>"; };
		5753ACD1239E9BCF008EC29C /* Assets.xcassets */ = {isa = PBXFileReference; lastKnownFileType = folder.assetcatalog; path = Assets.xcassets; sourceTree = "<group>"; };
		5753ACD4239E9BD0008EC29C /* Base */ = {isa = PBXFileReference; lastKnownFileType = file.storyboard; name = Base; path = Base.lproj/LaunchScreen.storyboard; sourceTree = "<group>"; };
		5753ACD6239E9BD1008EC29C /* Info.plist */ = {isa = PBXFileReference; lastKnownFileType = text.plist.xml; path = Info.plist; sourceTree = "<group>"; };
		5753ACDC239E9C5A008EC29C /* SignUpViewController.swift */ = {isa = PBXFileReference; lastKnownFileType = sourcecode.swift; path = SignUpViewController.swift; sourceTree = "<group>"; };
		5753ACDE239E9C74008EC29C /* LoginViewController.swift */ = {isa = PBXFileReference; lastKnownFileType = sourcecode.swift; path = LoginViewController.swift; sourceTree = "<group>"; };
		5753ACE0239E9C8C008EC29C /* HomeViewController.swift */ = {isa = PBXFileReference; lastKnownFileType = sourcecode.swift; path = HomeViewController.swift; sourceTree = "<group>"; };
		57C15213239EB5910019993F /* Constants.swift */ = {isa = PBXFileReference; fileEncoding = 4; lastKnownFileType = sourcecode.swift; path = Constants.swift; sourceTree = "<group>"; };
		57C15214239EB5910019993F /* Utilities.swift */ = {isa = PBXFileReference; fileEncoding = 4; lastKnownFileType = sourcecode.swift; path = Utilities.swift; sourceTree = "<group>"; };
/* End PBXFileReference section */

/* Begin PBXFrameworksBuildPhase section */
		5753ACC4239E9BBE008EC29C /* Frameworks */ = {
			isa = PBXFrameworksBuildPhase;
			buildActionMask = 2147483647;
			files = (
			);
			runOnlyForDeploymentPostprocessing = 0;
		};
/* End PBXFrameworksBuildPhase section */

/* Begin PBXGroup section */
		5753ACBE239E9BBE008EC29C = {
			isa = PBXGroup;
			children = (
				5753ACC9239E9BBF008EC29C /* LoginFirebase */,
				5753ACC8239E9BBF008EC29C /* Products */,
			);
			sourceTree = "<group>";
		};
		5753ACC8239E9BBF008EC29C /* Products */ = {
			isa = PBXGroup;
			children = (
				5753ACC7239E9BBF008EC29C /* LoginFirebase.app */,
			);
			name = Products;
			sourceTree = "<group>";
		};
		5753ACC9239E9BBF008EC29C /* LoginFirebase */ = {
			isa = PBXGroup;
			children = (
				57C15212239EB4D40019993F /* Helpers */,
				5753ACE2239E9CAB008EC29C /* View Controlers */,
				5753ACCA239E9BBF008EC29C /* AppDelegate.swift */,
				5753ACCE239E9BC0008EC29C /* Main.storyboard */,
				5753ACD1239E9BCF008EC29C /* Assets.xcassets */,
				5753ACD3239E9BD0008EC29C /* LaunchScreen.storyboard */,
				5753ACD6239E9BD1008EC29C /* Info.plist */,
			);
			path = LoginFirebase;
			sourceTree = "<group>";
		};
		5753ACE2239E9CAB008EC29C /* View Controlers */ = {
			isa = PBXGroup;
			children = (
				5753ACCC239E9BC0008EC29C /* ViewController.swift */,
				5753ACDC239E9C5A008EC29C /* SignUpViewController.swift */,
				5753ACDE239E9C74008EC29C /* LoginViewController.swift */,
				5753ACE0239E9C8C008EC29C /* HomeViewController.swift */,
			);
			path = "View Controlers";
			sourceTree = "<group>";
		};
		57C15212239EB4D40019993F /* Helpers */ = {
			isa = PBXGroup;
			children = (
				57C15213239EB5910019993F /* Constants.swift */,
				57C15214239EB5910019993F /* Utilities.swift */,
			);
			path = Helpers;
			sourceTree = "<group>";
		};
/* End PBXGroup section */

/* Begin PBXNativeTarget section */
		5753ACC6239E9BBE008EC29C /* LoginFirebase */ = {
			isa = PBXNativeTarget;
			buildConfigurationList = 5753ACD9239E9BD1008EC29C /* Build configuration list for PBXNativeTarget "LoginFirebase" */;
			buildPhases = (
				5753ACC3239E9BBE008EC29C /* Sources */,
				5753ACC4239E9BBE008EC29C /* Frameworks */,
				5753ACC5239E9BBE008EC29C /* Resources */,
			);
			buildRules = (
			);
			dependencies = (
			);
			name = LoginFirebase;
			productName = LoginFirebase;
			productReference = 5753ACC7239E9BBF008EC29C /* LoginFirebase.app */;
			productType = "com.apple.product-type.application";
		};
/* End PBXNativeTarget section */

/* Begin PBXProject section */
		5753ACBF239E9BBE008EC29C /* Project object */ = {
			isa = PBXProject;
			attributes = {
				LastSwiftUpdateCheck = 1020;
				LastUpgradeCheck = 1020;
				ORGANIZATIONNAME = "Mathilde Arconte";
				TargetAttributes = {
					5753ACC6239E9BBE008EC29C = {
						CreatedOnToolsVersion = 10.2.1;
					};
				};
			};
			buildConfigurationList = 5753ACC2239E9BBE008EC29C /* Build configuration list for PBXProject "LoginFirebase" */;
			compatibilityVersion = "Xcode 9.3";
			developmentRegion = en;
			hasScannedForEncodings = 0;
			knownRegions = (
				en,
				Base,
			);
			mainGroup = 5753ACBE239E9BBE008EC29C;
			productRefGroup = 5753ACC8239E9BBF008EC29C /* Products */;
			projectDirPath = "";
			projectRoot = "";
			targets = (
				5753ACC6239E9BBE008EC29C /* LoginFirebase */,
			);
		};
/* End PBXProject section */

/* Begin PBXResourcesBuildPhase section */
		5753ACC5239E9BBE008EC29C /* Resources */ = {
			isa = PBXResourcesBuildPhase;
			buildActionMask = 2147483647;
			files = (
				5753ACD5239E9BD0008EC29C /* LaunchScreen.storyboard in Resources */,
				5753ACD2239E9BCF008EC29C /* Assets.xcassets in Resources */,
				5753ACD0239E9BC0008EC29C /* Main.storyboard in Resources */,
			);
			runOnlyForDeploymentPostprocessing = 0;
		};
/* End PBXResourcesBuildPhase section */

/* Begin PBXSourcesBuildPhase section */
		5753ACC3239E9BBE008EC29C /* Sources */ = {
			isa = PBXSourcesBuildPhase;
			buildActionMask = 2147483647;
			files = (
				5753ACE1239E9C8C008EC29C /* HomeViewController.swift in Sources */,
				5753ACDF239E9C74008EC29C /* LoginViewController.swift in Sources */,
				57C15216239EB5910019993F /* Utilities.swift in Sources */,
				5753ACDD239E9C5A008EC29C /* SignUpViewController.swift in Sources */,
				5753ACCD239E9BC0008EC29C /* ViewController.swift in Sources */,
				5753ACCB239E9BBF008EC29C /* AppDelegate.swift in Sources */,
				57C15215239EB5910019993F /* Constants.swift in Sources */,
			);
			runOnlyForDeploymentPostprocessing = 0;
		};
/* End PBXSourcesBuildPhase section */

/* Begin PBXVariantGroup section */
		5753ACCE239E9BC0008EC29C /* Main.storyboard */ = {
			isa = PBXVariantGroup;
			children = (
				5753ACCF239E9BC0008EC29C /* Base */,
			);
			name = Main.storyboard;
			sourceTree = "<group>";
		};
		5753ACD3239E9BD0008EC29C /* LaunchScreen.storyboard */ = {
			isa = PBXVariantGroup;
			children = (
				5753ACD4239E9BD0008EC29C /* Base */,
			);
			name = LaunchScreen.storyboard;
			sourceTree = "<group>";
		};
/* End PBXVariantGroup section */

/* Begin XCBuildConfiguration section */
		5753ACD7239E9BD1008EC29C /* Debug */ = {
			isa = XCBuildConfiguration;
			buildSettings = {
				ALWAYS_SEARCH_USER_PATHS = NO;
				CLANG_ANALYZER_NONNULL = YES;
				CLANG_ANALYZER_NUMBER_OBJECT_CONVERSION = YES_AGGRESSIVE;
				CLANG_CXX_LANGUAGE_STANDARD = "gnu++14";
				CLANG_CXX_LIBRARY = "libc++";
				CLANG_ENABLE_MODULES = YES;
				CLANG_ENABLE_OBJC_ARC = YES;
				CLANG_ENABLE_OBJC_WEAK = YES;
				CLANG_WARN_BLOCK_CAPTURE_AUTORELEASING = YES;
				CLANG_WARN_BOOL_CONVERSION = YES;
				CLANG_WARN_COMMA = YES;
				CLANG_WARN_CONSTANT_CONVERSION = YES;
				CLANG_WARN_DEPRECATED_OBJC_IMPLEMENTATIONS = YES;
				CLANG_WARN_DIRECT_OBJC_ISA_USAGE = YES_ERROR;
				CLANG_WARN_DOCUMENTATION_COMMENTS = YES;
				CLANG_WARN_EMPTY_BODY = YES;
				CLANG_WARN_ENUM_CONVERSION = YES;
				CLANG_WARN_INFINITE_RECURSION = YES;
				CLANG_WARN_INT_CONVERSION = YES;
				CLANG_WARN_NON_LITERAL_NULL_CONVERSION = YES;
				CLANG_WARN_OBJC_IMPLICIT_RETAIN_SELF = YES;
				CLANG_WARN_OBJC_LITERAL_CONVERSION = YES;
				CLANG_WARN_OBJC_ROOT_CLASS = YES_ERROR;
				CLANG_WARN_RANGE_LOOP_ANALYSIS = YES;
				CLANG_WARN_STRICT_PROTOTYPES = YES;
				CLANG_WARN_SUSPICIOUS_MOVE = YES;
				CLANG_WARN_UNGUARDED_AVAILABILITY = YES_AGGRESSIVE;
				CLANG_WARN_UNREACHABLE_CODE = YES;
				CLANG_WARN__DUPLICATE_METHOD_MATCH = YES;
				CODE_SIGN_IDENTITY = "iPhone Developer";
				COPY_PHASE_STRIP = NO;
				DEBUG_INFORMATION_FORMAT = dwarf;
				ENABLE_STRICT_OBJC_MSGSEND = YES;
				ENABLE_TESTABILITY = YES;
				GCC_C_LANGUAGE_STANDARD = gnu11;
				GCC_DYNAMIC_NO_PIC = NO;
				GCC_NO_COMMON_BLOCKS = YES;
				GCC_OPTIMIZATION_LEVEL = 0;
				GCC_PREPROCESSOR_DEFINITIONS = (
					"DEBUG=1",
					"$(inherited)",
				);
				GCC_WARN_64_TO_32_BIT_CONVERSION = YES;
				GCC_WARN_ABOUT_RETURN_TYPE = YES_ERROR;
				GCC_WARN_UNDECLARED_SELECTOR = YES;
				GCC_WARN_UNINITIALIZED_AUTOS = YES_AGGRESSIVE;
				GCC_WARN_UNUSED_FUNCTION = YES;
				GCC_WARN_UNUSED_VARIABLE = YES;
				IPHONEOS_DEPLOYMENT_TARGET = 12.2;
				MTL_ENABLE_DEBUG_INFO = INCLUDE_SOURCE;
				MTL_FAST_MATH = YES;
				ONLY_ACTIVE_ARCH = YES;
				SDKROOT = iphoneos;
				SWIFT_ACTIVE_COMPILATION_CONDITIONS = DEBUG;
				SWIFT_OPTIMIZATION_LEVEL = "-Onone";
			};
			name = Debug;
		};
		5753ACD8239E9BD1008EC29C /* Release */ = {
			isa = XCBuildConfiguration;
			buildSettings = {
				ALWAYS_SEARCH_USER_PATHS = NO;
				CLANG_ANALYZER_NONNULL = YES;
				CLANG_ANALYZER_NUMBER_OBJECT_CONVERSION = YES_AGGRESSIVE;
				CLANG_CXX_LANGUAGE_STANDARD = "gnu++14";
				CLANG_CXX_LIBRARY = "libc++";
				CLANG_ENABLE_MODULES = YES;
				CLANG_ENABLE_OBJC_ARC = YES;
				CLANG_ENABLE_OBJC_WEAK = YES;
				CLANG_WARN_BLOCK_CAPTURE_AUTORELEASING = YES;
				CLANG_WARN_BOOL_CONVERSION = YES;
				CLANG_WARN_COMMA = YES;
				CLANG_WARN_CONSTANT_CONVERSION = YES;
				CLANG_WARN_DEPRECATED_OBJC_IMPLEMENTATIONS = YES;
				CLANG_WARN_DIRECT_OBJC_ISA_USAGE = YES_ERROR;
				CLANG_WARN_DOCUMENTATION_COMMENTS = YES;
				CLANG_WARN_EMPTY_BODY = YES;
				CLANG_WARN_ENUM_CONVERSION = YES;
				CLANG_WARN_INFINITE_RECURSION = YES;
				CLANG_WARN_INT_CONVERSION = YES;
				CLANG_WARN_NON_LITERAL_NULL_CONVERSION = YES;
				CLANG_WARN_OBJC_IMPLICIT_RETAIN_SELF = YES;
				CLANG_WARN_OBJC_LITERAL_CONVERSION = YES;
				CLANG_WARN_OBJC_ROOT_CLASS = YES_ERROR;
				CLANG_WARN_RANGE_LOOP_ANALYSIS = YES;
				CLANG_WARN_STRICT_PROTOTYPES = YES;
				CLANG_WARN_SUSPICIOUS_MOVE = YES;
				CLANG_WARN_UNGUARDED_AVAILABILITY = YES_AGGRESSIVE;
				CLANG_WARN_UNREACHABLE_CODE = YES;
				CLANG_WARN__DUPLICATE_METHOD_MATCH = YES;
				CODE_SIGN_IDENTITY = "iPhone Developer";
				COPY_PHASE_STRIP = NO;
				DEBUG_INFORMATION_FORMAT = "dwarf-with-dsym";
				ENABLE_NS_ASSERTIONS = NO;
				ENABLE_STRICT_OBJC_MSGSEND = YES;
				GCC_C_LANGUAGE_STANDARD = gnu11;
				GCC_NO_COMMON_BLOCKS = YES;
				GCC_WARN_64_TO_32_BIT_CONVERSION = YES;
				GCC_WARN_ABOUT_RETURN_TYPE = YES_ERROR;
				GCC_WARN_UNDECLARED_SELECTOR = YES;
				GCC_WARN_UNINITIALIZED_AUTOS = YES_AGGRESSIVE;
				GCC_WARN_UNUSED_FUNCTION = YES;
				GCC_WARN_UNUSED_VARIABLE = YES;
				IPHONEOS_DEPLOYMENT_TARGET = 12.2;
				MTL_ENABLE_DEBUG_INFO = NO;
				MTL_FAST_MATH = YES;
				SDKROOT = iphoneos;
				SWIFT_COMPILATION_MODE = wholemodule;
				SWIFT_OPTIMIZATION_LEVEL = "-O";
				VALIDATE_PRODUCT = YES;
			};
			name = Release;
		};
		5753ACDA239E9BD1008EC29C /* Debug */ = {
			isa = XCBuildConfiguration;
			buildSettings = {
				ASSETCATALOG_COMPILER_APPICON_NAME = AppIcon;
				CODE_SIGN_STYLE = Automatic;
				INFOPLIST_FILE = LoginFirebase/Info.plist;
				LD_RUNPATH_SEARCH_PATHS = (
					"$(inherited)",
					"@executable_path/Frameworks",
				);
				PRODUCT_BUNDLE_IDENTIFIER = com.mathildearconte.LoginFirebase;
				PRODUCT_NAME = "$(TARGET_NAME)";
				SWIFT_VERSION = 5.0;
				TARGETED_DEVICE_FAMILY = "1,2";
			};
			name = Debug;
		};
		5753ACDB239E9BD1008EC29C /* Release */ = {
			isa = XCBuildConfiguration;
			buildSettings = {
				ASSETCATALOG_COMPILER_APPICON_NAME = AppIcon;
				CODE_SIGN_STYLE = Automatic;
				INFOPLIST_FILE = LoginFirebase/Info.plist;
				LD_RUNPATH_SEARCH_PATHS = (
					"$(inherited)",
					"@executable_path/Frameworks",
				);
				PRODUCT_BUNDLE_IDENTIFIER = com.mathildearconte.LoginFirebase;
				PRODUCT_NAME = "$(TARGET_NAME)";
				SWIFT_VERSION = 5.0;
				TARGETED_DEVICE_FAMILY = "1,2";
			};
			name = Release;
		};
/* End XCBuildConfiguration section */

/* Begin XCConfigurationList section */
		5753ACC2239E9BBE008EC29C /* Build configuration list for PBXProject "LoginFirebase" */ = {
			isa = XCConfigurationList;
			buildConfigurations = (
				5753ACD7239E9BD1008EC29C /* Debug */,
				5753ACD8239E9BD1008EC29C /* Release */,
			);
			defaultConfigurationIsVisible = 0;
			defaultConfigurationName = Release;
		};
		5753ACD9239E9BD1008EC29C /* Build configuration list for PBXNativeTarget "LoginFirebase" */ = {
			isa = XCConfigurationList;
			buildConfigurations = (
				5753ACDA239E9BD1008EC29C /* Debug */,
				5753ACDB239E9BD1008EC29C /* Release */,
			);
			defaultConfigurationIsVisible = 0;
			defaultConfigurationName = Release;
		};
/* End XCConfigurationList section */
	};
	rootObject = 5753ACBF239E9BBE008EC29C /* Project object */;
}
